
Microsoft Visual Studio Solution File, Format Version 12.00
# Visual Studio Version 16
VisualStudioVersion = 16.0.30104.148
MinimumVisualStudioVersion = 10.0.40219.1
Project("{FAE04EC0-301F-11D3-BF4B-00C04F79EFBC}") = "ServerCodeMtk-P2-109", "ServerCodeMtk-P2-109\ServerCodeMtk-P2-109.csproj", "{2916DB22-7583-44F3-912A-A4D8A5188EF3}"
EndProject
Global
	GlobalSection(SolutionConfigurationPlatforms) = preSolution
		Debug|Any CPU = Debug|Any CPU
		Release|Any CPU = Release|Any CPU
	EndGlobalSection
	GlobalSection(ProjectConfigurationPlatforms) = postSolution
		{2916DB22-7583-44F3-912A-A4D8A5188EF3}.Debug|Any CPU.ActiveCfg = Debug|Any CPU
		{2916DB22-7583-44F3-912A-A4D8A5188EF3}.Debug|Any CPU.Build.0 = Debug|Any CPU
		{2916DB22-7583-44F3-912A-A4D8A5188EF3}.Release|Any CPU.ActiveCfg = Release|Any CPU
		{2916DB22-7583-44F3-912A-A4D8A5188EF3}.Release|Any CPU.Build.0 = Release|Any CPU
	EndGlobalSection
	GlobalSection(SolutionProperties) = preSolution
		HideSolutionNode = FALSE
	EndGlobalSection
	GlobalSection(ExtensibilityGlobals) = postSolution
		SolutionGuid = {7F0DE7F3-0ACB-4833-8C7F-6241651063C2}
	EndGlobalSection
EndGlobal
